
Microsoft Visual Studio Solution File, Format Version 12.00
# Visual Studio Version 17
VisualStudioVersion = 17.1.32328.378
MinimumVisualStudioVersion = 10.0.40219.1
Project("{FAE04EC0-301F-11D3-BF4B-00C04F79EFBC}") = "ShoppingApp", "ShoppingApp.csproj", "{17C96659-9C21-4BA2-981F-E6C394255A85}"
EndProject
Global
	GlobalSection(SolutionConfigurationPlatforms) = preSolution
		Debug|Any CPU = Debug|Any CPU
		Release|Any CPU = Release|Any CPU
	EndGlobalSection
	GlobalSection(ProjectConfigurationPlatforms) = postSolution
		{17C96659-9C21-4BA2-981F-E6C394255A85}.Debug|Any CPU.ActiveCfg = Debug|Any CPU
		{17C96659-9C21-4BA2-981F-E6C394255A85}.Debug|Any CPU.Build.0 = Debug|Any CPU
		{17C96659-9C21-4BA2-981F-E6C394255A85}.Release|Any CPU.ActiveCfg = Release|Any CPU
		{17C96659-9C21-4BA2-981F-E6C394255A85}.Release|Any CPU.Build.0 = Release|Any CPU
	EndGlobalSection
	GlobalSection(SolutionProperties) = preSolution
		HideSolutionNode = FALSE
	EndGlobalSection
	GlobalSection(ExtensibilityGlobals) = postSolution
		SolutionGuid = {83F2F5B5-2C60-443A-B25E-A9E44FA00D47}
	EndGlobalSection
EndGlobal
